// !$*UTF8*$!
{
	archiveVersion = 1;
	classes = {
	};
	objectVersion = 46;
	objects = {

/* Begin PBXBuildFile section */
		086974C81471815C009A6441 /* gafes_3D.png in Resources */ = {isa = PBXBuildFile; fileRef = 086974C01471815B009A6441 /* gafes_3D.png */; };
		086974C91471815C009A6441 /* gafes_3D@2x.png in Resources */ = {isa = PBXBuildFile; fileRef = 086974C11471815B009A6441 /* gafes_3D@2x.png */; };
		086974CA1471815C009A6441 /* gafes_corazon.png in Resources */ = {isa = PBXBuildFile; fileRef = 086974C21471815B009A6441 /* gafes_corazon.png */; };
		086974CB1471815C009A6441 /* gafes_corazon@2x.png in Resources */ = {isa = PBXBuildFile; fileRef = 086974C31471815B009A6441 /* gafes_corazon@2x.png */; };
		086974CC1471815C009A6441 /* gafes_platejades.png in Resources */ = {isa = PBXBuildFile; fileRef = 086974C41471815B009A6441 /* gafes_platejades.png */; };
		086974CD1471815C009A6441 /* gafes_platejades@2x.png in Resources */ = {isa = PBXBuildFile; fileRef = 086974C51471815B009A6441 /* gafes_platejades@2x.png */; };
		086974CE1471815C009A6441 /* gafes_rayban.png in Resources */ = {isa = PBXBuildFile; fileRef = 086974C61471815B009A6441 /* gafes_rayban.png */; };
		086974CF1471815C009A6441 /* gafes_rayban@2x.png in Resources */ = {isa = PBXBuildFile; fileRef = 086974C71471815B009A6441 /* gafes_rayban@2x.png */; };
		086974D314718175009A6441 /* marc_estrelles.png in Resources */ = {isa = PBXBuildFile; fileRef = 086974D114718174009A6441 /* marc_estrelles.png */; };
		086974D414718175009A6441 /* marc_estrelles@2x.png in Resources */ = {isa = PBXBuildFile; fileRef = 086974D214718174009A6441 /* marc_estrelles@2x.png */; };
		086974DB1471818A009A6441 /* thumb_boca2.png in Resources */ = {isa = PBXBuildFile; fileRef = 086974D71471818A009A6441 /* thumb_boca2.png */; };
		086974DC1471818A009A6441 /* thumb_boca2@2x.png in Resources */ = {isa = PBXBuildFile; fileRef = 086974D81471818A009A6441 /* thumb_boca2@2x.png */; };
		086974E6147181AC009A6441 /* thumb_gafes_3D.png in Resources */ = {isa = PBXBuildFile; fileRef = 086974DE147181AC009A6441 /* thumb_gafes_3D.png */; };
		086974E7147181AC009A6441 /* thumb_gafes_3D@2x.png in Resources */ = {isa = PBXBuildFile; fileRef = 086974DF147181AC009A6441 /* thumb_gafes_3D@2x.png */; };
		086974E8147181AC009A6441 /* thumb_gafes_corazon.png in Resources */ = {isa = PBXBuildFile; fileRef = 086974E0147181AC009A6441 /* thumb_gafes_corazon.png */; };
		086974E9147181AC009A6441 /* thumb_gafes_corazon@2x.png in Resources */ = {isa = PBXBuildFile; fileRef = 086974E1147181AC009A6441 /* thumb_gafes_corazon@2x.png */; };
		086974EA147181AC009A6441 /* thumb_gafes_platejades.png in Resources */ = {isa = PBXBuildFile; fileRef = 086974E2147181AC009A6441 /* thumb_gafes_platejades.png */; };
		086974EB147181AC009A6441 /* thumb_gafes_platejades@2x.png in Resources */ = {isa = PBXBuildFile; fileRef = 086974E3147181AC009A6441 /* thumb_gafes_platejades@2x.png */; };
		086974EC147181AC009A6441 /* thumb_gafes_rayban.png in Resources */ = {isa = PBXBuildFile; fileRef = 086974E4147181AC009A6441 /* thumb_gafes_rayban.png */; };
		086974ED147181AC009A6441 /* thumb_gafes_rayban@2x.png in Resources */ = {isa = PBXBuildFile; fileRef = 086974E5147181AC009A6441 /* thumb_gafes_rayban@2x.png */; };
		086974F014718202009A6441 /* thumb_boca3.png in Resources */ = {isa = PBXBuildFile; fileRef = 086974EE14718202009A6441 /* thumb_boca3.png */; };
		086974F114718202009A6441 /* thumb_boca3@2x.png in Resources */ = {isa = PBXBuildFile; fileRef = 086974EF14718202009A6441 /* thumb_boca3@2x.png */; };
		086974F61471820C009A6441 /* boca2.png in Resources */ = {isa = PBXBuildFile; fileRef = 086974F21471820C009A6441 /* boca2.png */; };
		086974F71471820C009A6441 /* boca2@2x.png in Resources */ = {isa = PBXBuildFile; fileRef = 086974F31471820C009A6441 /* boca2@2x.png */; };
		086974F81471820C009A6441 /* boca3.png in Resources */ = {isa = PBXBuildFile; fileRef = 086974F41471820C009A6441 /* boca3.png */; };
		086974F91471820C009A6441 /* boca3@2x.png in Resources */ = {isa = PBXBuildFile; fileRef = 086974F51471820C009A6441 /* boca3@2x.png */; };
		086974FE1471823C009A6441 /* thumb_marcEstrelles.png in Resources */ = {isa = PBXBuildFile; fileRef = 086974FC1471823C009A6441 /* thumb_marcEstrelles.png */; };
		086974FF1471823C009A6441 /* thumb_marcEstrelles@2x.png in Resources */ = {isa = PBXBuildFile; fileRef = 086974FD1471823C009A6441 /* thumb_marcEstrelles@2x.png */; };
		0869750214718291009A6441 /* pelo_cola.png in Resources */ = {isa = PBXBuildFile; fileRef = 0869750014718291009A6441 /* pelo_cola.png */; };
		0869750314718291009A6441 /* pelo_cola@2x.png in Resources */ = {isa = PBXBuildFile; fileRef = 0869750114718291009A6441 /* pelo_cola@2x.png */; };
		086975061471829B009A6441 /* thumb_pelo_cola.png in Resources */ = {isa = PBXBuildFile; fileRef = 086975041471829B009A6441 /* thumb_pelo_cola.png */; };
		086975071471829B009A6441 /* thumb_pelo_cola@2x.png in Resources */ = {isa = PBXBuildFile; fileRef = 086975051471829B009A6441 /* thumb_pelo_cola@2x.png */; };
		0869750A14719CBF009A6441 /* marcUI.png in Resources */ = {isa = PBXBuildFile; fileRef = 0869750814719CBF009A6441 /* marcUI.png */; };
		0869750B14719CBF009A6441 /* marcUI@2x.png in Resources */ = {isa = PBXBuildFile; fileRef = 0869750914719CBF009A6441 /* marcUI@2x.png */; };
		0869752E1472E752009A6441 /* Default.png in Resources */ = {isa = PBXBuildFile; fileRef = 0869752D1472E752009A6441 /* Default.png */; };
		086975301472E756009A6441 /* Default@2x.png in Resources */ = {isa = PBXBuildFile; fileRef = 0869752F1472E756009A6441 /* Default@2x.png */; };
		086975371472ED61009A6441 /* shareSheet.png in Resources */ = {isa = PBXBuildFile; fileRef = 086975351472ED61009A6441 /* shareSheet.png */; };
		086975381472ED61009A6441 /* shareSheet@2x.png in Resources */ = {isa = PBXBuildFile; fileRef = 086975361472ED61009A6441 /* shareSheet@2x.png */; };
		086975471473F56C009A6441 /* MockMe3-icon57.png in Resources */ = {isa = PBXBuildFile; fileRef = 086975461473F56C009A6441 /* MockMe3-icon57.png */; };
		086975491473F56F009A6441 /* MockMe3-icon114.png in Resources */ = {isa = PBXBuildFile; fileRef = 086975481473F56F009A6441 /* MockMe3-icon114.png */; };
		0869755A14742166009A6441 /* block_boques-Big.png in Resources */ = {isa = PBXBuildFile; fileRef = 0869754A1474215B009A6441 /* block_boques-Big.png */; };
		0869755B14742166009A6441 /* block_boques-Big@2x.png in Resources */ = {isa = PBXBuildFile; fileRef = 0869754B1474215B009A6441 /* block_boques-Big@2x.png */; };
		0869755C14742166009A6441 /* block_boques.png in Resources */ = {isa = PBXBuildFile; fileRef = 0869754C1474215B009A6441 /* block_boques.png */; };
		0869755D14742166009A6441 /* block_boques@2x.png in Resources */ = {isa = PBXBuildFile; fileRef = 0869754D1474215C009A6441 /* block_boques@2x.png */; };
		0869755E14742166009A6441 /* block_gafes-Big.png in Resources */ = {isa = PBXBuildFile; fileRef = 0869754E1474215C009A6441 /* block_gafes-Big.png */; };
		0869755F14742166009A6441 /* block_gafes-Big@2x.png in Resources */ = {isa = PBXBuildFile; fileRef = 0869754F1474215D009A6441 /* block_gafes-Big@2x.png */; };
		0869756014742166009A6441 /* block_gafes.png in Resources */ = {isa = PBXBuildFile; fileRef = 086975501474215D009A6441 /* block_gafes.png */; };
		0869756114742166009A6441 /* block_gafes@2x.png in Resources */ = {isa = PBXBuildFile; fileRef = 086975511474215E009A6441 /* block_gafes@2x.png */; };
		0869756214742166009A6441 /* block_marcs-Big.png in Resources */ = {isa = PBXBuildFile; fileRef = 086975521474215E009A6441 /* block_marcs-Big.png */; };
		0869756314742166009A6441 /* block_marcs-Big@2x.png in Resources */ = {isa = PBXBuildFile; fileRef = 086975531474215F009A6441 /* block_marcs-Big@2x.png */; };
		0869756414742166009A6441 /* block_marcs.png in Resources */ = {isa = PBXBuildFile; fileRef = 0869755414742160009A6441 /* block_marcs.png */; };
		0869756514742166009A6441 /* block_marcs@2x.png in Resources */ = {isa = PBXBuildFile; fileRef = 0869755514742161009A6441 /* block_marcs@2x.png */; };
		0869756614742166009A6441 /* block_sombreros-Big.png in Resources */ = {isa = PBXBuildFile; fileRef = 0869755614742162009A6441 /* block_sombreros-Big.png */; };
		0869756714742166009A6441 /* block_sombreros-Big@2x.png in Resources */ = {isa = PBXBuildFile; fileRef = 0869755714742162009A6441 /* block_sombreros-Big@2x.png */; };
		0869756814742166009A6441 /* block_sombreros.png in Resources */ = {isa = PBXBuildFile; fileRef = 0869755814742163009A6441 /* block_sombreros.png */; };
		0869756914742166009A6441 /* block_sombreros@2x.png in Resources */ = {isa = PBXBuildFile; fileRef = 0869755914742165009A6441 /* block_sombreros@2x.png */; };
		086975821474308A009A6441 /* fbIcon.png in Resources */ = {isa = PBXBuildFile; fileRef = 0869756C1474308A009A6441 /* fbIcon.png */; };
		086975831474308A009A6441 /* fbIcon@2x.png in Resources */ = {isa = PBXBuildFile; fileRef = 0869756D1474308A009A6441 /* fbIcon@2x.png */; };
		086975841474308A009A6441 /* fbLarge.png in Resources */ = {isa = PBXBuildFile; fileRef = 0869756E1474308A009A6441 /* fbLarge.png */; };
		086975851474308A009A6441 /* fbLarge@2x.png in Resources */ = {isa = PBXBuildFile; fileRef = 0869756F1474308A009A6441 /* fbLarge@2x.png */; };
		086975861474308A009A6441 /* fbTitle.png in Resources */ = {isa = PBXBuildFile; fileRef = 086975701474308A009A6441 /* fbTitle.png */; };
		086975871474308A009A6441 /* fbTitle@2x.png in Resources */ = {isa = PBXBuildFile; fileRef = 086975711474308A009A6441 /* fbTitle@2x.png */; };
		086975881474308A009A6441 /* mailIcon.png in Resources */ = {isa = PBXBuildFile; fileRef = 086975721474308A009A6441 /* mailIcon.png */; };
		086975891474308A009A6441 /* mailIcon@2x.png in Resources */ = {isa = PBXBuildFile; fileRef = 086975731474308A009A6441 /* mailIcon@2x.png */; };
		0869758A1474308A009A6441 /* mailLarge.png in Resources */ = {isa = PBXBuildFile; fileRef = 086975741474308A009A6441 /* mailLarge.png */; };
		0869758B1474308A009A6441 /* mailLarge@2x.png in Resources */ = {isa = PBXBuildFile; fileRef = 086975751474308A009A6441 /* mailLarge@2x.png */; };
		0869758C1474308A009A6441 /* mailTitle.png in Resources */ = {isa = PBXBuildFile; fileRef = 086975761474308A009A6441 /* mailTitle.png */; };
		0869758D1474308A009A6441 /* mailTitle@2x.png in Resources */ = {isa = PBXBuildFile; fileRef = 086975771474308A009A6441 /* mailTitle@2x.png */; };
		0869758E1474308A009A6441 /* shareFondo.png in Resources */ = {isa = PBXBuildFile; fileRef = 086975781474308A009A6441 /* shareFondo.png */; };
		0869758F1474308A009A6441 /* shareFondo@2x.png in Resources */ = {isa = PBXBuildFile; fileRef = 086975791474308A009A6441 /* shareFondo@2x.png */; };
		086975901474308A009A6441 /* twIcon.png in Resources */ = {isa = PBXBuildFile; fileRef = 0869757A1474308A009A6441 /* twIcon.png */; };
		086975911474308A009A6441 /* twIcon@2x.png in Resources */ = {isa = PBXBuildFile; fileRef = 0869757B1474308A009A6441 /* twIcon@2x.png */; };
		086975921474308A009A6441 /* twLarge.png in Resources */ = {isa = PBXBuildFile; fileRef = 0869757C1474308A009A6441 /* twLarge.png */; };
		086975931474308A009A6441 /* twLarge@2x.png in Resources */ = {isa = PBXBuildFile; fileRef = 0869757D1474308A009A6441 /* twLarge@2x.png */; };
		086975941474308A009A6441 /* twTitle.png in Resources */ = {isa = PBXBuildFile; fileRef = 0869757E1474308A009A6441 /* twTitle.png */; };
		086975951474308A009A6441 /* twTitle@2x.png in Resources */ = {isa = PBXBuildFile; fileRef = 0869757F1474308A009A6441 /* twTitle@2x.png */; };
		086975961474308A009A6441 /* volver.png in Resources */ = {isa = PBXBuildFile; fileRef = 086975801474308A009A6441 /* volver.png */; };
		086975971474308A009A6441 /* volver@2x.png in Resources */ = {isa = PBXBuildFile; fileRef = 086975811474308A009A6441 /* volver@2x.png */; };
		086975A31474309E009A6441 /* barraFixa.png in Resources */ = {isa = PBXBuildFile; fileRef = 086975991474309E009A6441 /* barraFixa.png */; };
		086975A41474309E009A6441 /* barraFixa@2x.png in Resources */ = {isa = PBXBuildFile; fileRef = 0869759A1474309E009A6441 /* barraFixa@2x.png */; };
		086975A51474309E009A6441 /* camaraButton.png in Resources */ = {isa = PBXBuildFile; fileRef = 0869759B1474309E009A6441 /* camaraButton.png */; };
		086975A61474309E009A6441 /* camaraButton@2x.png in Resources */ = {isa = PBXBuildFile; fileRef = 0869759C1474309E009A6441 /* camaraButton@2x.png */; };
		086975A71474309E009A6441 /* deleteButton.png in Resources */ = {isa = PBXBuildFile; fileRef = 0869759D1474309E009A6441 /* deleteButton.png */; };
		086975A81474309E009A6441 /* deleteButton@2x.png in Resources */ = {isa = PBXBuildFile; fileRef = 0869759E1474309E009A6441 /* deleteButton@2x.png */; };
		086975A91474309E009A6441 /* slideBackground.png in Resources */ = {isa = PBXBuildFile; fileRef = 0869759F1474309E009A6441 /* slideBackground.png */; };
		086975AA1474309E009A6441 /* slideBackground@2x.png in Resources */ = {isa = PBXBuildFile; fileRef = 086975A01474309E009A6441 /* slideBackground@2x.png */; };
		086975AB1474309E009A6441 /* volteoCam.png in Resources */ = {isa = PBXBuildFile; fileRef = 086975A11474309E009A6441 /* volteoCam.png */; };
		086975AC1474309E009A6441 /* volteoCam@2x.png in Resources */ = {isa = PBXBuildFile; fileRef = 086975A21474309E009A6441 /* volteoCam@2x.png */; };
		1F5029DA146C2CC2006CFFFA /* UIKit.framework in Frameworks */ = {isa = PBXBuildFile; fileRef = 1F5029D9146C2CC2006CFFFA /* UIKit.framework */; };
		1F5029DC146C2CC2006CFFFA /* Foundation.framework in Frameworks */ = {isa = PBXBuildFile; fileRef = 1F5029DB146C2CC2006CFFFA /* Foundation.framework */; };
		1F5029DE146C2CC2006CFFFA /* CoreGraphics.framework in Frameworks */ = {isa = PBXBuildFile; fileRef = 1F5029DD146C2CC2006CFFFA /* CoreGraphics.framework */; };
		1F5029E4146C2CC2006CFFFA /* InfoPlist.strings in Resources */ = {isa = PBXBuildFile; fileRef = 1F5029E2146C2CC2006CFFFA /* InfoPlist.strings */; };
		1F5029E6146C2CC2006CFFFA /* main.m in Sources */ = {isa = PBXBuildFile; fileRef = 1F5029E5146C2CC2006CFFFA /* main.m */; };
		1F5029EA146C2CC2006CFFFA /* FaceMeNowAppDelegate.m in Sources */ = {isa = PBXBuildFile; fileRef = 1F5029E9146C2CC2006CFFFA /* FaceMeNowAppDelegate.m */; };
		1F5029ED146C2CC2006CFFFA /* FaceMeNowViewController.m in Sources */ = {isa = PBXBuildFile; fileRef = 1F5029EC146C2CC2006CFFFA /* FaceMeNowViewController.m */; };
		1F5029F0146C2CC2006CFFFA /* FaceMeNowViewController.xib in Resources */ = {isa = PBXBuildFile; fileRef = 1F5029EE146C2CC2006CFFFA /* FaceMeNowViewController.xib */; };
		1F5029F7146C2D12006CFFFA /* CoreImage.framework in Frameworks */ = {isa = PBXBuildFile; fileRef = 1F5029F6146C2D12006CFFFA /* CoreImage.framework */; };
		1F5029F9146C2D1B006CFFFA /* AVFoundation.framework in Frameworks */ = {isa = PBXBuildFile; fileRef = 1F5029F8146C2D1B006CFFFA /* AVFoundation.framework */; };
		1F5029FB146C2D27006CFFFA /* ImageIO.framework in Frameworks */ = {isa = PBXBuildFile; fileRef = 1F5029FA146C2D27006CFFFA /* ImageIO.framework */; };
		1F5029FD146C2D30006CFFFA /* QuartzCore.framework in Frameworks */ = {isa = PBXBuildFile; fileRef = 1F5029FC146C2D30006CFFFA /* QuartzCore.framework */; };
		1F5029FF146C2D38006CFFFA /* AssetsLibrary.framework in Frameworks */ = {isa = PBXBuildFile; fileRef = 1F5029FE146C2D37006CFFFA /* AssetsLibrary.framework */; };
		1F502A01146C2D41006CFFFA /* CoreVideo.framework in Frameworks */ = {isa = PBXBuildFile; fileRef = 1F502A00146C2D41006CFFFA /* CoreVideo.framework */; };
		1F502A03146C3256006CFFFA /* CoreMedia.framework in Frameworks */ = {isa = PBXBuildFile; fileRef = 1F502A02146C3256006CFFFA /* CoreMedia.framework */; };
		1F502A07146C32CD006CFFFA /* sunglasses1.png in Resources */ = {isa = PBXBuildFile; fileRef = 1F502A06146C32CD006CFFFA /* sunglasses1.png */; };
		1F502A0B146C3EC5006CFFFA /* ItemSelector.m in Sources */ = {isa = PBXBuildFile; fileRef = 1F502A09146C3EC5006CFFFA /* ItemSelector.m */; };
		1F502A0C146C3EC5006CFFFA /* ItemSelector.xib in Resources */ = {isa = PBXBuildFile; fileRef = 1F502A0A146C3EC5006CFFFA /* ItemSelector.xib */; };
		1F502A0E146C41AA006CFFFA /* glasses_sunglasses.png in Resources */ = {isa = PBXBuildFile; fileRef = 1F502A0D146C41AA006CFFFA /* glasses_sunglasses.png */; };
		1F502A11146C4599006CFFFA /* Categories.plist in Resources */ = {isa = PBXBuildFile; fileRef = 1F502A10146C4599006CFFFA /* Categories.plist */; };
		1F502A15146C47F2006CFFFA /* hat.png in Resources */ = {isa = PBXBuildFile; fileRef = 1F502A14146C47F2006CFFFA /* hat.png */; };
		1F5823691471624300604489 /* boca1.png in Resources */ = {isa = PBXBuildFile; fileRef = 1F5823681471624300604489 /* boca1.png */; };
		1F58236E1471636000604489 /* thumb_boca1.png in Resources */ = {isa = PBXBuildFile; fileRef = 1F58236D1471636000604489 /* thumb_boca1.png */; };
		1F5823701471636800604489 /* boques.png in Resources */ = {isa = PBXBuildFile; fileRef = 1F58236F1471636800604489 /* boques.png */; };
		1F582374147174CC00604489 /* marc1.png in Resources */ = {isa = PBXBuildFile; fileRef = 1F582373147174CC00604489 /* marc1.png */; };
		1F582376147176C500604489 /* marc2.png in Resources */ = {isa = PBXBuildFile; fileRef = 1F582375147176C500604489 /* marc2.png */; };
		1F8650DF146DA8160010A2FE /* capitan.png in Resources */ = {isa = PBXBuildFile; fileRef = 1F8650D9146DA8160010A2FE /* capitan.png */; };
		1F8650E0146DA8160010A2FE /* capitan@2x.png in Resources */ = {isa = PBXBuildFile; fileRef = 1F8650DA146DA8160010A2FE /* capitan@2x.png */; };
		1F8650E1146DA8160010A2FE /* marinero.png in Resources */ = {isa = PBXBuildFile; fileRef = 1F8650DB146DA8160010A2FE /* marinero.png */; };
		1F8650E2146DA8160010A2FE /* marinero@2x.png in Resources */ = {isa = PBXBuildFile; fileRef = 1F8650DC146DA8160010A2FE /* marinero@2x.png */; };
		1F8650E3146DA8160010A2FE /* vikingo.png in Resources */ = {isa = PBXBuildFile; fileRef = 1F8650DD146DA8160010A2FE /* vikingo.png */; };
		1F8650E4146DA8160010A2FE /* vikingo@2x.png in Resources */ = {isa = PBXBuildFile; fileRef = 1F8650DE146DA8160010A2FE /* vikingo@2x.png */; };
		1F8650ED146DA85E0010A2FE /* thumb_capitan.png in Resources */ = {isa = PBXBuildFile; fileRef = 1F8650E7146DA85E0010A2FE /* thumb_capitan.png */; };
		1F8650EE146DA85E0010A2FE /* thumb_capitan@2x.png in Resources */ = {isa = PBXBuildFile; fileRef = 1F8650E8146DA85E0010A2FE /* thumb_capitan@2x.png */; };
		1F8650EF146DA85E0010A2FE /* thumb_marinero.png in Resources */ = {isa = PBXBuildFile; fileRef = 1F8650E9146DA85E0010A2FE /* thumb_marinero.png */; };
		1F8650F0146DA85E0010A2FE /* thumb_marinero@2x.png in Resources */ = {isa = PBXBuildFile; fileRef = 1F8650EA146DA85E0010A2FE /* thumb_marinero@2x.png */; };
		1F8650F1146DA85E0010A2FE /* thumb_vickingo.png in Resources */ = {isa = PBXBuildFile; fileRef = 1F8650EB146DA85E0010A2FE /* thumb_vickingo.png */; };
		1F8650F2146DA85E0010A2FE /* thumb_vickingo@2x.png in Resources */ = {isa = PBXBuildFile; fileRef = 1F8650EC146DA85E0010A2FE /* thumb_vickingo@2x.png */; };
		1FF3BB73147B7E1D008C9D94 /* ViewAndShareController.m in Sources */ = {isa = PBXBuildFile; fileRef = 1FF3BB71147B7E1D008C9D94 /* ViewAndShareController.m */; };
		1FF3BB74147B7E1D008C9D94 /* ViewAndShareController.xib in Resources */ = {isa = PBXBuildFile; fileRef = 1FF3BB72147B7E1D008C9D94 /* ViewAndShareController.xib */; };
/* End PBXBuildFile section */

/* Begin PBXFileReference section */
		086974C01471815B009A6441 /* gafes_3D.png */ = {isa = PBXFileReference; lastKnownFileType = image.png; name = gafes_3D.png; path = gafes/gafes_3D.png; sourceTree = "<group>"; };
		086974C11471815B009A6441 /* gafes_3D@2x.png */ = {isa = PBXFileReference; lastKnownFileType = image.png; name = "gafes_3D@2x.png"; path = "gafes/gafes_3D@2x.png"; sourceTree = "<group>"; };
		086974C21471815B009A6441 /* gafes_corazon.png */ = {isa = PBXFileReference; lastKnownFileType = image.png; name = gafes_corazon.png; path = gafes/gafes_corazon.png; sourceTree = "<group>"; };
		086974C31471815B009A6441 /* gafes_corazon@2x.png */ = {isa = PBXFileReference; lastKnownFileType = image.png; name = "gafes_corazon@2x.png"; path = "gafes/gafes_corazon@2x.png"; sourceTree = "<group>"; };
		086974C41471815B009A6441 /* gafes_platejades.png */ = {isa = PBXFileReference; lastKnownFileType = image.png; name = gafes_platejades.png; path = gafes/gafes_platejades.png; sourceTree = "<group>"; };
		086974C51471815B009A6441 /* gafes_platejades@2x.png */ = {isa = PBXFileReference; lastKnownFileType = image.png; name = "gafes_platejades@2x.png"; path = "gafes/gafes_platejades@2x.png"; sourceTree = "<group>"; };
		086974C61471815B009A6441 /* gafes_rayban.png */ = {isa = PBXFileReference; lastKnownFileType = image.png; name = gafes_rayban.png; path = gafes/gafes_rayban.png; sourceTree = "<group>"; };
		086974C71471815B009A6441 /* gafes_rayban@2x.png */ = {isa = PBXFileReference; lastKnownFileType = image.png; name = "gafes_rayban@2x.png"; path = "gafes/gafes_rayban@2x.png"; sourceTree = "<group>"; };
		086974D114718174009A6441 /* marc_estrelles.png */ = {isa = PBXFileReference; lastKnownFileType = image.png; name = marc_estrelles.png; path = marcs/marc_estrelles.png; sourceTree = "<group>"; };
		086974D214718174009A6441 /* marc_estrelles@2x.png */ = {isa = PBXFileReference; lastKnownFileType = image.png; name = "marc_estrelles@2x.png"; path = "marcs/marc_estrelles@2x.png"; sourceTree = "<group>"; };
		086974D71471818A009A6441 /* thumb_boca2.png */ = {isa = PBXFileReference; lastKnownFileType = image.png; name = thumb_boca2.png; path = thumb_boques/thumb_boca2.png; sourceTree = "<group>"; };
		086974D81471818A009A6441 /* thumb_boca2@2x.png */ = {isa = PBXFileReference; lastKnownFileType = image.png; name = "thumb_boca2@2x.png"; path = "thumb_boques/thumb_boca2@2x.png"; sourceTree = "<group>"; };
		086974DE147181AC009A6441 /* thumb_gafes_3D.png */ = {isa = PBXFileReference; lastKnownFileType = image.png; name = thumb_gafes_3D.png; path = thumb_gafes/thumb_gafes_3D.png; sourceTree = "<group>"; };
		086974DF147181AC009A6441 /* thumb_gafes_3D@2x.png */ = {isa = PBXFileReference; lastKnownFileType = image.png; name = "thumb_gafes_3D@2x.png"; path = "thumb_gafes/thumb_gafes_3D@2x.png"; sourceTree = "<group>"; };
		086974E0147181AC009A6441 /* thumb_gafes_corazon.png */ = {isa = PBXFileReference; lastKnownFileType = image.png; name = thumb_gafes_corazon.png; path = thumb_gafes/thumb_gafes_corazon.png; sourceTree = "<group>"; };
		086974E1147181AC009A6441 /* thumb_gafes_corazon@2x.png */ = {isa = PBXFileReference; lastKnownFileType = image.png; name = "thumb_gafes_corazon@2x.png"; path = "thumb_gafes/thumb_gafes_corazon@2x.png"; sourceTree = "<group>"; };
		086974E2147181AC009A6441 /* thumb_gafes_platejades.png */ = {isa = PBXFileReference; lastKnownFileType = image.png; name = thumb_gafes_platejades.png; path = thumb_gafes/thumb_gafes_platejades.png; sourceTree = "<group>"; };
		086974E3147181AC009A6441 /* thumb_gafes_platejades@2x.png */ = {isa = PBXFileReference; lastKnownFileType = image.png; name = "thumb_gafes_platejades@2x.png"; path = "thumb_gafes/thumb_gafes_platejades@2x.png"; sourceTree = "<group>"; };
		086974E4147181AC009A6441 /* thumb_gafes_rayban.png */ = {isa = PBXFileReference; lastKnownFileType = image.png; name = thumb_gafes_rayban.png; path = thumb_gafes/thumb_gafes_rayban.png; sourceTree = "<group>"; };
		086974E5147181AC009A6441 /* thumb_gafes_rayban@2x.png */ = {isa = PBXFileReference; lastKnownFileType = image.png; name = "thumb_gafes_rayban@2x.png"; path = "thumb_gafes/thumb_gafes_rayban@2x.png"; sourceTree = "<group>"; };
		086974EE14718202009A6441 /* thumb_boca3.png */ = {isa = PBXFileReference; lastKnownFileType = image.png; name = thumb_boca3.png; path = thumb_boques/thumb_boca3.png; sourceTree = "<group>"; };
		086974EF14718202009A6441 /* thumb_boca3@2x.png */ = {isa = PBXFileReference; lastKnownFileType = image.png; name = "thumb_boca3@2x.png"; path = "thumb_boques/thumb_boca3@2x.png"; sourceTree = "<group>"; };
		086974F21471820C009A6441 /* boca2.png */ = {isa = PBXFileReference; lastKnownFileType = image.png; name = boca2.png; path = boques/boca2.png; sourceTree = "<group>"; };
		086974F31471820C009A6441 /* boca2@2x.png */ = {isa = PBXFileReference; lastKnownFileType = image.png; name = "boca2@2x.png"; path = "boques/boca2@2x.png"; sourceTree = "<group>"; };
		086974F41471820C009A6441 /* boca3.png */ = {isa = PBXFileReference; lastKnownFileType = image.png; name = boca3.png; path = boques/boca3.png; sourceTree = "<group>"; };
		086974F51471820C009A6441 /* boca3@2x.png */ = {isa = PBXFileReference; lastKnownFileType = image.png; name = "boca3@2x.png"; path = "boques/boca3@2x.png"; sourceTree = "<group>"; };
		086974FC1471823C009A6441 /* thumb_marcEstrelles.png */ = {isa = PBXFileReference; lastKnownFileType = image.png; name = thumb_marcEstrelles.png; path = thumb_marcs/thumb_marcEstrelles.png; sourceTree = "<group>"; };
		086974FD1471823C009A6441 /* thumb_marcEstrelles@2x.png */ = {isa = PBXFileReference; lastKnownFileType = image.png; name = "thumb_marcEstrelles@2x.png"; path = "thumb_marcs/thumb_marcEstrelles@2x.png"; sourceTree = "<group>"; };
		0869750014718291009A6441 /* pelo_cola.png */ = {isa = PBXFileReference; lastKnownFileType = image.png; path = pelo_cola.png; sourceTree = "<group>"; };
		0869750114718291009A6441 /* pelo_cola@2x.png */ = {isa = PBXFileReference; lastKnownFileType = image.png; path = "pelo_cola@2x.png"; sourceTree = "<group>"; };
		086975041471829B009A6441 /* thumb_pelo_cola.png */ = {isa = PBXFileReference; lastKnownFileType = image.png; path = thumb_pelo_cola.png; sourceTree = "<group>"; };
		086975051471829B009A6441 /* thumb_pelo_cola@2x.png */ = {isa = PBXFileReference; lastKnownFileType = image.png; path = "thumb_pelo_cola@2x.png"; sourceTree = "<group>"; };
		0869750814719CBF009A6441 /* marcUI.png */ = {isa = PBXFileReference; lastKnownFileType = image.png; path = marcUI.png; sourceTree = "<group>"; };
		0869750914719CBF009A6441 /* marcUI@2x.png */ = {isa = PBXFileReference; lastKnownFileType = image.png; path = "marcUI@2x.png"; sourceTree = "<group>"; };
		0869752D1472E752009A6441 /* Default.png */ = {isa = PBXFileReference; lastKnownFileType = image.png; path = Default.png; sourceTree = "<group>"; };
		0869752F1472E756009A6441 /* Default@2x.png */ = {isa = PBXFileReference; lastKnownFileType = image.png; path = "Default@2x.png"; sourceTree = "<group>"; };
		086975351472ED61009A6441 /* shareSheet.png */ = {isa = PBXFileReference; lastKnownFileType = image.png; path = shareSheet.png; sourceTree = "<group>"; };
		086975361472ED61009A6441 /* shareSheet@2x.png */ = {isa = PBXFileReference; lastKnownFileType = image.png; path = "shareSheet@2x.png"; sourceTree = "<group>"; };
		086975461473F56C009A6441 /* MockMe3-icon57.png */ = {isa = PBXFileReference; lastKnownFileType = image.png; path = "MockMe3-icon57.png"; sourceTree = "<group>"; };
		086975481473F56F009A6441 /* MockMe3-icon114.png */ = {isa = PBXFileReference; lastKnownFileType = image.png; path = "MockMe3-icon114.png"; sourceTree = "<group>"; };
		0869754A1474215B009A6441 /* block_boques-Big.png */ = {isa = PBXFileReference; lastKnownFileType = image.png; name = "block_boques-Big.png"; path = "iconos/block_boques-Big.png"; sourceTree = "<group>"; };
		0869754B1474215B009A6441 /* block_boques-Big@2x.png */ = {isa = PBXFileReference; lastKnownFileType = image.png; name = "block_boques-Big@2x.png"; path = "iconos/block_boques-Big@2x.png"; sourceTree = "<group>"; };
		0869754C1474215B009A6441 /* block_boques.png */ = {isa = PBXFileReference; lastKnownFileType = image.png; name = block_boques.png; path = iconos/block_boques.png; sourceTree = "<group>"; };
		0869754D1474215C009A6441 /* block_boques@2x.png */ = {isa = PBXFileReference; lastKnownFileType = image.png; name = "block_boques@2x.png"; path = "iconos/block_boques@2x.png"; sourceTree = "<group>"; };
		0869754E1474215C009A6441 /* block_gafes-Big.png */ = {isa = PBXFileReference; lastKnownFileType = image.png; name = "block_gafes-Big.png"; path = "iconos/block_gafes-Big.png"; sourceTree = "<group>"; };
		0869754F1474215D009A6441 /* block_gafes-Big@2x.png */ = {isa = PBXFileReference; lastKnownFileType = image.png; name = "block_gafes-Big@2x.png"; path = "iconos/block_gafes-Big@2x.png"; sourceTree = "<group>"; };
		086975501474215D009A6441 /* block_gafes.png */ = {isa = PBXFileReference; lastKnownFileType = image.png; name = block_gafes.png; path = iconos/block_gafes.png; sourceTree = "<group>"; };
		086975511474215E009A6441 /* block_gafes@2x.png */ = {isa = PBXFileReference; lastKnownFileType = image.png; name = "block_gafes@2x.png"; path = "iconos/block_gafes@2x.png"; sourceTree = "<group>"; };
		086975521474215E009A6441 /* block_marcs-Big.png */ = {isa = PBXFileReference; lastKnownFileType = image.png; name = "block_marcs-Big.png"; path = "iconos/block_marcs-Big.png"; sourceTree = "<group>"; };
		086975531474215F009A6441 /* block_marcs-Big@2x.png */ = {isa = PBXFileReference; lastKnownFileType = image.png; name = "block_marcs-Big@2x.png"; path = "iconos/block_marcs-Big@2x.png"; sourceTree = "<group>"; };
		0869755414742160009A6441 /* block_marcs.png */ = {isa = PBXFileReference; lastKnownFileType = image.png; name = block_marcs.png; path = iconos/block_marcs.png; sourceTree = "<group>"; };
		0869755514742161009A6441 /* block_marcs@2x.png */ = {isa = PBXFileReference; lastKnownFileType = image.png; name = "block_marcs@2x.png"; path = "iconos/block_marcs@2x.png"; sourceTree = "<group>"; };
		0869755614742162009A6441 /* block_sombreros-Big.png */ = {isa = PBXFileReference; lastKnownFileType = image.png; name = "block_sombreros-Big.png"; path = "iconos/block_sombreros-Big.png"; sourceTree = "<group>"; };
		0869755714742162009A6441 /* block_sombreros-Big@2x.png */ = {isa = PBXFileReference; lastKnownFileType = image.png; name = "block_sombreros-Big@2x.png"; path = "iconos/block_sombreros-Big@2x.png"; sourceTree = "<group>"; };
		0869755814742163009A6441 /* block_sombreros.png */ = {isa = PBXFileReference; lastKnownFileType = image.png; name = block_sombreros.png; path = iconos/block_sombreros.png; sourceTree = "<group>"; };
		0869755914742165009A6441 /* block_sombreros@2x.png */ = {isa = PBXFileReference; lastKnownFileType = image.png; name = "block_sombreros@2x.png"; path = "iconos/block_sombreros@2x.png"; sourceTree = "<group>"; };
		0869756C1474308A009A6441 /* fbIcon.png */ = {isa = PBXFileReference; lastKnownFileType = image.png; name = fbIcon.png; path = "UI-share/fbIcon.png"; sourceTree = "<group>"; };
		0869756D1474308A009A6441 /* fbIcon@2x.png */ = {isa = PBXFileReference; lastKnownFileType = image.png; name = "fbIcon@2x.png"; path = "UI-share/fbIcon@2x.png"; sourceTree = "<group>"; };
		0869756E1474308A009A6441 /* fbLarge.png */ = {isa = PBXFileReference; lastKnownFileType = image.png; name = fbLarge.png; path = "UI-share/fbLarge.png"; sourceTree = "<group>"; };
		0869756F1474308A009A6441 /* fbLarge@2x.png */ = {isa = PBXFileReference; lastKnownFileType = image.png; name = "fbLarge@2x.png"; path = "UI-share/fbLarge@2x.png"; sourceTree = "<group>"; };
		086975701474308A009A6441 /* fbTitle.png */ = {isa = PBXFileReference; lastKnownFileType = image.png; name = fbTitle.png; path = "UI-share/fbTitle.png"; sourceTree = "<group>"; };
		086975711474308A009A6441 /* fbTitle@2x.png */ = {isa = PBXFileReference; lastKnownFileType = image.png; name = "fbTitle@2x.png"; path = "UI-share/fbTitle@2x.png"; sourceTree = "<group>"; };
		086975721474308A009A6441 /* mailIcon.png */ = {isa = PBXFileReference; lastKnownFileType = image.png; name = mailIcon.png; path = "UI-share/mailIcon.png"; sourceTree = "<group>"; };
		086975731474308A009A6441 /* mailIcon@2x.png */ = {isa = PBXFileReference; lastKnownFileType = image.png; name = "mailIcon@2x.png"; path = "UI-share/mailIcon@2x.png"; sourceTree = "<group>"; };
		086975741474308A009A6441 /* mailLarge.png */ = {isa = PBXFileReference; lastKnownFileType = image.png; name = mailLarge.png; path = "UI-share/mailLarge.png"; sourceTree = "<group>"; };
		086975751474308A009A6441 /* mailLarge@2x.png */ = {isa = PBXFileReference; lastKnownFileType = image.png; name = "mailLarge@2x.png"; path = "UI-share/mailLarge@2x.png"; sourceTree = "<group>"; };
		086975761474308A009A6441 /* mailTitle.png */ = {isa = PBXFileReference; lastKnownFileType = image.png; name = mailTitle.png; path = "UI-share/mailTitle.png"; sourceTree = "<group>"; };
		086975771474308A009A6441 /* mailTitle@2x.png */ = {isa = PBXFileReference; lastKnownFileType = image.png; name = "mailTitle@2x.png"; path = "UI-share/mailTitle@2x.png"; sourceTree = "<group>"; };
		086975781474308A009A6441 /* shareFondo.png */ = {isa = PBXFileReference; lastKnownFileType = image.png; name = shareFondo.png; path = "UI-share/shareFondo.png"; sourceTree = "<group>"; };
		086975791474308A009A6441 /* shareFondo@2x.png */ = {isa = PBXFileReference; lastKnownFileType = image.png; name = "shareFondo@2x.png"; path = "UI-share/shareFondo@2x.png"; sourceTree = "<group>"; };
		0869757A1474308A009A6441 /* twIcon.png */ = {isa = PBXFileReference; lastKnownFileType = image.png; name = twIcon.png; path = "UI-share/twIcon.png"; sourceTree = "<group>"; };
		0869757B1474308A009A6441 /* twIcon@2x.png */ = {isa = PBXFileReference; lastKnownFileType = image.png; name = "twIcon@2x.png"; path = "UI-share/twIcon@2x.png"; sourceTree = "<group>"; };
		0869757C1474308A009A6441 /* twLarge.png */ = {isa = PBXFileReference; lastKnownFileType = image.png; name = twLarge.png; path = "UI-share/twLarge.png"; sourceTree = "<group>"; };
		0869757D1474308A009A6441 /* twLarge@2x.png */ = {isa = PBXFileReference; lastKnownFileType = image.png; name = "twLarge@2x.png"; path = "UI-share/twLarge@2x.png"; sourceTree = "<group>"; };
		0869757E1474308A009A6441 /* twTitle.png */ = {isa = PBXFileReference; lastKnownFileType = image.png; name = twTitle.png; path = "UI-share/twTitle.png"; sourceTree = "<group>"; };
		0869757F1474308A009A6441 /* twTitle@2x.png */ = {isa = PBXFileReference; lastKnownFileType = image.png; name = "twTitle@2x.png"; path = "UI-share/twTitle@2x.png"; sourceTree = "<group>"; };
		086975801474308A009A6441 /* volver.png */ = {isa = PBXFileReference; lastKnownFileType = image.png; name = volver.png; path = "UI-share/volver.png"; sourceTree = "<group>"; };
		086975811474308A009A6441 /* volver@2x.png */ = {isa = PBXFileReference; lastKnownFileType = image.png; name = "volver@2x.png"; path = "UI-share/volver@2x.png"; sourceTree = "<group>"; };
		086975991474309E009A6441 /* barraFixa.png */ = {isa = PBXFileReference; lastKnownFileType = image.png; name = barraFixa.png; path = "UI-main/barraFixa.png"; sourceTree = "<group>"; };
		0869759A1474309E009A6441 /* barraFixa@2x.png */ = {isa = PBXFileReference; lastKnownFileType = image.png; name = "barraFixa@2x.png"; path = "UI-main/barraFixa@2x.png"; sourceTree = "<group>"; };
		0869759B1474309E009A6441 /* camaraButton.png */ = {isa = PBXFileReference; lastKnownFileType = image.png; name = camaraButton.png; path = "UI-main/camaraButton.png"; sourceTree = "<group>"; };
		0869759C1474309E009A6441 /* camaraButton@2x.png */ = {isa = PBXFileReference; lastKnownFileType = image.png; name = "camaraButton@2x.png"; path = "UI-main/camaraButton@2x.png"; sourceTree = "<group>"; };
		0869759D1474309E009A6441 /* deleteButton.png */ = {isa = PBXFileReference; lastKnownFileType = image.png; name = deleteButton.png; path = "UI-main/deleteButton.png"; sourceTree = "<group>"; };
		0869759E1474309E009A6441 /* deleteButton@2x.png */ = {isa = PBXFileReference; lastKnownFileType = image.png; name = "deleteButton@2x.png"; path = "UI-main/deleteButton@2x.png"; sourceTree = "<group>"; };
		0869759F1474309E009A6441 /* slideBackground.png */ = {isa = PBXFileReference; lastKnownFileType = image.png; name = slideBackground.png; path = "UI-main/slideBackground.png"; sourceTree = "<group>"; };
		086975A01474309E009A6441 /* slideBackground@2x.png */ = {isa = PBXFileReference; lastKnownFileType = image.png; name = "slideBackground@2x.png"; path = "UI-main/slideBackground@2x.png"; sourceTree = "<group>"; };
		086975A11474309E009A6441 /* volteoCam.png */ = {isa = PBXFileReference; lastKnownFileType = image.png; name = volteoCam.png; path = "UI-main/volteoCam.png"; sourceTree = "<group>"; };
		086975A21474309E009A6441 /* volteoCam@2x.png */ = {isa = PBXFileReference; lastKnownFileType = image.png; name = "volteoCam@2x.png"; path = "UI-main/volteoCam@2x.png"; sourceTree = "<group>"; };
		1F5029D5146C2CC2006CFFFA /* MockMe.app */ = {isa = PBXFileReference; explicitFileType = wrapper.application; includeInIndex = 0; path = MockMe.app; sourceTree = BUILT_PRODUCTS_DIR; };
		1F5029D9146C2CC2006CFFFA /* UIKit.framework */ = {isa = PBXFileReference; lastKnownFileType = wrapper.framework; name = UIKit.framework; path = System/Library/Frameworks/UIKit.framework; sourceTree = SDKROOT; };
		1F5029DB146C2CC2006CFFFA /* Foundation.framework */ = {isa = PBXFileReference; lastKnownFileType = wrapper.framework; name = Foundation.framework; path = System/Library/Frameworks/Foundation.framework; sourceTree = SDKROOT; };
		1F5029DD146C2CC2006CFFFA /* CoreGraphics.framework */ = {isa = PBXFileReference; lastKnownFileType = wrapper.framework; name = CoreGraphics.framework; path = System/Library/Frameworks/CoreGraphics.framework; sourceTree = SDKROOT; };
		1F5029E1146C2CC2006CFFFA /* MockMe-Info.plist */ = {isa = PBXFileReference; lastKnownFileType = text.plist.xml; path = "MockMe-Info.plist"; sourceTree = "<group>"; };
		1F5029E3146C2CC2006CFFFA /* en */ = {isa = PBXFileReference; lastKnownFileType = text.plist.strings; name = en; path = en.lproj/InfoPlist.strings; sourceTree = "<group>"; };
		1F5029E5146C2CC2006CFFFA /* main.m */ = {isa = PBXFileReference; lastKnownFileType = sourcecode.c.objc; path = main.m; sourceTree = "<group>"; };
		1F5029E7146C2CC2006CFFFA /* MockMe-Prefix.pch */ = {isa = PBXFileReference; lastKnownFileType = sourcecode.c.h; path = "MockMe-Prefix.pch"; sourceTree = "<group>"; };
		1F5029E8146C2CC2006CFFFA /* FaceMeNowAppDelegate.h */ = {isa = PBXFileReference; lastKnownFileType = sourcecode.c.h; path = FaceMeNowAppDelegate.h; sourceTree = "<group>"; };
		1F5029E9146C2CC2006CFFFA /* FaceMeNowAppDelegate.m */ = {isa = PBXFileReference; lastKnownFileType = sourcecode.c.objc; path = FaceMeNowAppDelegate.m; sourceTree = "<group>"; };
		1F5029EB146C2CC2006CFFFA /* FaceMeNowViewController.h */ = {isa = PBXFileReference; lastKnownFileType = sourcecode.c.h; path = FaceMeNowViewController.h; sourceTree = "<group>"; };
		1F5029EC146C2CC2006CFFFA /* FaceMeNowViewController.m */ = {isa = PBXFileReference; lastKnownFileType = sourcecode.c.objc; path = FaceMeNowViewController.m; sourceTree = "<group>"; };
		1F5029EF146C2CC2006CFFFA /* en */ = {isa = PBXFileReference; lastKnownFileType = file.xib; name = en; path = en.lproj/FaceMeNowViewController.xib; sourceTree = "<group>"; };
		1F5029F6146C2D12006CFFFA /* CoreImage.framework */ = {isa = PBXFileReference; lastKnownFileType = wrapper.framework; name = CoreImage.framework; path = System/Library/Frameworks/CoreImage.framework; sourceTree = SDKROOT; };
		1F5029F8146C2D1B006CFFFA /* AVFoundation.framework */ = {isa = PBXFileReference; lastKnownFileType = wrapper.framework; name = AVFoundation.framework; path = System/Library/Frameworks/AVFoundation.framework; sourceTree = SDKROOT; };
		1F5029FA146C2D27006CFFFA /* ImageIO.framework */ = {isa = PBXFileReference; lastKnownFileType = wrapper.framework; name = ImageIO.framework; path = System/Library/Frameworks/ImageIO.framework; sourceTree = SDKROOT; };
		1F5029FC146C2D30006CFFFA /* QuartzCore.framework */ = {isa = PBXFileReference; lastKnownFileType = wrapper.framework; name = QuartzCore.framework; path = System/Library/Frameworks/QuartzCore.framework; sourceTree = SDKROOT; };
		1F5029FE146C2D37006CFFFA /* AssetsLibrary.framework */ = {isa = PBXFileReference; lastKnownFileType = wrapper.framework; name = AssetsLibrary.framework; path = System/Library/Frameworks/AssetsLibrary.framework; sourceTree = SDKROOT; };
		1F502A00146C2D41006CFFFA /* CoreVideo.framework */ = {isa = PBXFileReference; lastKnownFileType = wrapper.framework; name = CoreVideo.framework; path = System/Library/Frameworks/CoreVideo.framework; sourceTree = SDKROOT; };
		1F502A02146C3256006CFFFA /* CoreMedia.framework */ = {isa = PBXFileReference; lastKnownFileType = wrapper.framework; name = CoreMedia.framework; path = System/Library/Frameworks/CoreMedia.framework; sourceTree = SDKROOT; };
		1F502A06146C32CD006CFFFA /* sunglasses1.png */ = {isa = PBXFileReference; lastKnownFileType = image.png; path = sunglasses1.png; sourceTree = "<group>"; };
		1F502A08146C3EC5006CFFFA /* ItemSelector.h */ = {isa = PBXFileReference; fileEncoding = 4; lastKnownFileType = sourcecode.c.h; path = ItemSelector.h; sourceTree = "<group>"; };
		1F502A09146C3EC5006CFFFA /* ItemSelector.m */ = {isa = PBXFileReference; fileEncoding = 4; lastKnownFileType = sourcecode.c.objc; path = ItemSelector.m; sourceTree = "<group>"; };
		1F502A0A146C3EC5006CFFFA /* ItemSelector.xib */ = {isa = PBXFileReference; fileEncoding = 4; lastKnownFileType = file.xib; path = ItemSelector.xib; sourceTree = "<group>"; };
		1F502A0D146C41AA006CFFFA /* glasses_sunglasses.png */ = {isa = PBXFileReference; lastKnownFileType = image.png; path = glasses_sunglasses.png; sourceTree = "<group>"; };
		1F502A10146C4599006CFFFA /* Categories.plist */ = {isa = PBXFileReference; fileEncoding = 4; lastKnownFileType = text.plist.xml; path = Categories.plist; sourceTree = "<group>"; };
		1F502A14146C47F2006CFFFA /* hat.png */ = {isa = PBXFileReference; lastKnownFileType = image.png; path = hat.png; sourceTree = "<group>"; };
		1F5823681471624300604489 /* boca1.png */ = {isa = PBXFileReference; lastKnownFileType = image.png; path = boca1.png; sourceTree = "<group>"; };
		1F58236D1471636000604489 /* thumb_boca1.png */ = {isa = PBXFileReference; lastKnownFileType = image.png; path = thumb_boca1.png; sourceTree = "<group>"; };
		1F58236F1471636800604489 /* boques.png */ = {isa = PBXFileReference; lastKnownFileType = image.png; path = boques.png; sourceTree = "<group>"; };
		1F582373147174CC00604489 /* marc1.png */ = {isa = PBXFileReference; lastKnownFileType = image.png; path = marc1.png; sourceTree = "<group>"; };
		1F582375147176C500604489 /* marc2.png */ = {isa = PBXFileReference; lastKnownFileType = image.png; path = marc2.png; sourceTree = "<group>"; };
		1F8650D9146DA8160010A2FE /* capitan.png */ = {isa = PBXFileReference; lastKnownFileType = image.png; path = capitan.png; sourceTree = "<group>"; };
		1F8650DA146DA8160010A2FE /* capitan@2x.png */ = {isa = PBXFileReference; lastKnownFileType = image.png; path = "capitan@2x.png"; sourceTree = "<group>"; };
		1F8650DB146DA8160010A2FE /* marinero.png */ = {isa = PBXFileReference; lastKnownFileType = image.png; path = marinero.png; sourceTree = "<group>"; };
		1F8650DC146DA8160010A2FE /* marinero@2x.png */ = {isa = PBXFileReference; lastKnownFileType = image.png; path = "marinero@2x.png"; sourceTree = "<group>"; };
		1F8650DD146DA8160010A2FE /* vikingo.png */ = {isa = PBXFileReference; lastKnownFileType = image.png; path = vikingo.png; sourceTree = "<group>"; };
		1F8650DE146DA8160010A2FE /* vikingo@2x.png */ = {isa = PBXFileReference; lastKnownFileType = image.png; path = "vikingo@2x.png"; sourceTree = "<group>"; };
		1F8650E7146DA85E0010A2FE /* thumb_capitan.png */ = {isa = PBXFileReference; lastKnownFileType = image.png; path = thumb_capitan.png; sourceTree = "<group>"; };
		1F8650E8146DA85E0010A2FE /* thumb_capitan@2x.png */ = {isa = PBXFileReference; lastKnownFileType = image.png; path = "thumb_capitan@2x.png"; sourceTree = "<group>"; };
		1F8650E9146DA85E0010A2FE /* thumb_marinero.png */ = {isa = PBXFileReference; lastKnownFileType = image.png; path = thumb_marinero.png; sourceTree = "<group>"; };
		1F8650EA146DA85E0010A2FE /* thumb_marinero@2x.png */ = {isa = PBXFileReference; lastKnownFileType = image.png; path = "thumb_marinero@2x.png"; sourceTree = "<group>"; };
		1F8650EB146DA85E0010A2FE /* thumb_vickingo.png */ = {isa = PBXFileReference; lastKnownFileType = image.png; path = thumb_vickingo.png; sourceTree = "<group>"; };
		1F8650EC146DA85E0010A2FE /* thumb_vickingo@2x.png */ = {isa = PBXFileReference; lastKnownFileType = image.png; path = "thumb_vickingo@2x.png"; sourceTree = "<group>"; };
		1FF3BB70147B7E1D008C9D94 /* ViewAndShareController.h */ = {isa = PBXFileReference; fileEncoding = 4; lastKnownFileType = sourcecode.c.h; path = ViewAndShareController.h; sourceTree = "<group>"; };
		1FF3BB71147B7E1D008C9D94 /* ViewAndShareController.m */ = {isa = PBXFileReference; fileEncoding = 4; lastKnownFileType = sourcecode.c.objc; path = ViewAndShareController.m; sourceTree = "<group>"; };
		1FF3BB72147B7E1D008C9D94 /* ViewAndShareController.xib */ = {isa = PBXFileReference; fileEncoding = 4; lastKnownFileType = file.xib; path = ViewAndShareController.xib; sourceTree = "<group>"; };
/* End PBXFileReference section */

/* Begin PBXFrameworksBuildPhase section */
		1F5029D2146C2CC2006CFFFA /* Frameworks */ = {
			isa = PBXFrameworksBuildPhase;
			buildActionMask = 2147483647;
			files = (
				1F502A03146C3256006CFFFA /* CoreMedia.framework in Frameworks */,
				1F502A01146C2D41006CFFFA /* CoreVideo.framework in Frameworks */,
				1F5029FF146C2D38006CFFFA /* AssetsLibrary.framework in Frameworks */,
				1F5029FD146C2D30006CFFFA /* QuartzCore.framework in Frameworks */,
				1F5029FB146C2D27006CFFFA /* ImageIO.framework in Frameworks */,
				1F5029F9146C2D1B006CFFFA /* AVFoundation.framework in Frameworks */,
				1F5029F7146C2D12006CFFFA /* CoreImage.framework in Frameworks */,
				1F5029DA146C2CC2006CFFFA /* UIKit.framework in Frameworks */,
				1F5029DC146C2CC2006CFFFA /* Foundation.framework in Frameworks */,
				1F5029DE146C2CC2006CFFFA /* CoreGraphics.framework in Frameworks */,
			);
			runOnlyForDeploymentPostprocessing = 0;
		};
/* End PBXFrameworksBuildPhase section */

/* Begin PBXGroup section */
		086974DD1471819C009A6441 /* thumb_glasses */ = {
			isa = PBXGroup;
			children = (
				086974DE147181AC009A6441 /* thumb_gafes_3D.png */,
				086974DF147181AC009A6441 /* thumb_gafes_3D@2x.png */,
				086974E0147181AC009A6441 /* thumb_gafes_corazon.png */,
				086974E1147181AC009A6441 /* thumb_gafes_corazon@2x.png */,
				086974E2147181AC009A6441 /* thumb_gafes_platejades.png */,
				086974E3147181AC009A6441 /* thumb_gafes_platejades@2x.png */,
				086974E4147181AC009A6441 /* thumb_gafes_rayban.png */,
				086974E5147181AC009A6441 /* thumb_gafes_rayban@2x.png */,
			);
			name = thumb_glasses;
			sourceTree = "<group>";
		};
		086974FA14718222009A6441 /* marcs */ = {
			isa = PBXGroup;
			children = (
				086974D114718174009A6441 /* marc_estrelles.png */,
				086974D214718174009A6441 /* marc_estrelles@2x.png */,
				1F582375147176C500604489 /* marc2.png */,
				1F582373147174CC00604489 /* marc1.png */,
			);
			name = marcs;
			sourceTree = "<group>";
		};
		086974FB1471822D009A6441 /* thumb_marcs */ = {
			isa = PBXGroup;
			children = (
				086974FC1471823C009A6441 /* thumb_marcEstrelles.png */,
				086974FD1471823C009A6441 /* thumb_marcEstrelles@2x.png */,
			);
			name = thumb_marcs;
			sourceTree = "<group>";
		};
		0869756A14743063009A6441 /* UI */ = {
			isa = PBXGroup;
			children = (
				086975981474308E009A6441 /* main view */,
				0869756B14743076009A6441 /* share View */,
			);
			name = UI;
			sourceTree = "<group>";
		};
		0869756B14743076009A6441 /* share View */ = {
			isa = PBXGroup;
			children = (
				0869756C1474308A009A6441 /* fbIcon.png */,
				0869756D1474308A009A6441 /* fbIcon@2x.png */,
				0869756E1474308A009A6441 /* fbLarge.png */,
				0869756F1474308A009A6441 /* fbLarge@2x.png */,
				086975701474308A009A6441 /* fbTitle.png */,
				086975711474308A009A6441 /* fbTitle@2x.png */,
				086975721474308A009A6441 /* mailIcon.png */,
				086975731474308A009A6441 /* mailIcon@2x.png */,
				086975741474308A009A6441 /* mailLarge.png */,
				086975751474308A009A6441 /* mailLarge@2x.png */,
				086975761474308A009A6441 /* mailTitle.png */,
				086975771474308A009A6441 /* mailTitle@2x.png */,
				086975781474308A009A6441 /* shareFondo.png */,
				086975791474308A009A6441 /* shareFondo@2x.png */,
				0869757A1474308A009A6441 /* twIcon.png */,
				0869757B1474308A009A6441 /* twIcon@2x.png */,
				0869757C1474308A009A6441 /* twLarge.png */,
				0869757D1474308A009A6441 /* twLarge@2x.png */,
				0869757E1474308A009A6441 /* twTitle.png */,
				0869757F1474308A009A6441 /* twTitle@2x.png */,
				086975801474308A009A6441 /* volver.png */,
				086975811474308A009A6441 /* volver@2x.png */,
			);
			name = "share View";
			sourceTree = "<group>";
		};
		086975981474308E009A6441 /* main view */ = {
			isa = PBXGroup;
			children = (
				086975991474309E009A6441 /* barraFixa.png */,
				0869759A1474309E009A6441 /* barraFixa@2x.png */,
				0869759B1474309E009A6441 /* camaraButton.png */,
				0869759C1474309E009A6441 /* camaraButton@2x.png */,
				0869759D1474309E009A6441 /* deleteButton.png */,
				0869759E1474309E009A6441 /* deleteButton@2x.png */,
				0869759F1474309E009A6441 /* slideBackground.png */,
				086975A01474309E009A6441 /* slideBackground@2x.png */,
				086975A11474309E009A6441 /* volteoCam.png */,
				086975A21474309E009A6441 /* volteoCam@2x.png */,
			);
			name = "main view";
			sourceTree = "<group>";
		};
		1F5029CA146C2CC2006CFFFA = {
			isa = PBXGroup;
			children = (
				086975481473F56F009A6441 /* MockMe3-icon114.png */,
				086975461473F56C009A6441 /* MockMe3-icon57.png */,
				0869752F1472E756009A6441 /* Default@2x.png */,
				0869752D1472E752009A6441 /* Default.png */,
				1F5029DF146C2CC2006CFFFA /* MockMe */,
				1F5029D8146C2CC2006CFFFA /* Frameworks */,
				1F5029D6146C2CC2006CFFFA /* Products */,
			);
			sourceTree = "<group>";
		};
		1F5029D6146C2CC2006CFFFA /* Products */ = {
			isa = PBXGroup;
			children = (
				1F5029D5146C2CC2006CFFFA /* MockMe.app */,
			);
			name = Products;
			sourceTree = "<group>";
		};
		1F5029D8146C2CC2006CFFFA /* Frameworks */ = {
			isa = PBXGroup;
			children = (
				1F502A02146C3256006CFFFA /* CoreMedia.framework */,
				1F502A00146C2D41006CFFFA /* CoreVideo.framework */,
				1F5029FE146C2D37006CFFFA /* AssetsLibrary.framework */,
				1F5029FC146C2D30006CFFFA /* QuartzCore.framework */,
				1F5029FA146C2D27006CFFFA /* ImageIO.framework */,
				1F5029F8146C2D1B006CFFFA /* AVFoundation.framework */,
				1F5029F6146C2D12006CFFFA /* CoreImage.framework */,
				1F5029D9146C2CC2006CFFFA /* UIKit.framework */,
				1F5029DB146C2CC2006CFFFA /* Foundation.framework */,
				1F5029DD146C2CC2006CFFFA /* CoreGraphics.framework */,
			);
			name = Frameworks;
			sourceTree = "<group>";
		};
		1F5029DF146C2CC2006CFFFA /* MockMe */ = {
			isa = PBXGroup;
			children = (
				1F502A04146C32A2006CFFFA /* Images */,
				1F5029E8146C2CC2006CFFFA /* FaceMeNowAppDelegate.h */,
				1F5029E9146C2CC2006CFFFA /* FaceMeNowAppDelegate.m */,
				1F5029EB146C2CC2006CFFFA /* FaceMeNowViewController.h */,
				1F5029EC146C2CC2006CFFFA /* FaceMeNowViewController.m */,
				1F5029EE146C2CC2006CFFFA /* FaceMeNowViewController.xib */,
				1F5029E0146C2CC2006CFFFA /* Supporting Files */,
				1F502A08146C3EC5006CFFFA /* ItemSelector.h */,
				1F502A09146C3EC5006CFFFA /* ItemSelector.m */,
				1F502A0A146C3EC5006CFFFA /* ItemSelector.xib */,
				1FF3BB70147B7E1D008C9D94 /* ViewAndShareController.h */,
				1FF3BB71147B7E1D008C9D94 /* ViewAndShareController.m */,
				1FF3BB72147B7E1D008C9D94 /* ViewAndShareController.xib */,
			);
			name = MockMe;
			path = FaceMeNow;
			sourceTree = "<group>";
		};
		1F5029E0146C2CC2006CFFFA /* Supporting Files */ = {
			isa = PBXGroup;
			children = (
				1F5029E1146C2CC2006CFFFA /* MockMe-Info.plist */,
				1F5029E2146C2CC2006CFFFA /* InfoPlist.strings */,
				1F5029E5146C2CC2006CFFFA /* main.m */,
				1F5029E7146C2CC2006CFFFA /* MockMe-Prefix.pch */,
				1F502A10146C4599006CFFFA /* Categories.plist */,
			);
			name = "Supporting Files";
			sourceTree = "<group>";
		};
		1F502A04146C32A2006CFFFA /* Images */ = {
			isa = PBXGroup;
			children = (
				086975351472ED61009A6441 /* shareSheet.png */,
				086975361472ED61009A6441 /* shareSheet@2x.png */,
				0869750814719CBF009A6441 /* marcUI.png */,
				0869750914719CBF009A6441 /* marcUI@2x.png */,
				086974FB1471822D009A6441 /* thumb_marcs */,
				086974FA14718222009A6441 /* marcs */,
				1F58236C1471634D00604489 /* thumb_boques */,
				1F58236B1471633D00604489 /* boques */,
				1F8650E6146DA85E0010A2FE /* thumb_sombreros */,
				1F8650D8146DA8160010A2FE /* sombreros */,
				0869756A14743063009A6441 /* UI */,
				1F502A0F146C41AE006CFFFA /* Icons */,
				086974DD1471819C009A6441 /* thumb_glasses */,
				1F502A05146C32AB006CFFFA /* SunGlasses */,
			);
			name = Images;
			sourceTree = "<group>";
		};
		1F502A05146C32AB006CFFFA /* SunGlasses */ = {
			isa = PBXGroup;
			children = (
				086974C01471815B009A6441 /* gafes_3D.png */,
				086974C11471815B009A6441 /* gafes_3D@2x.png */,
				086974C21471815B009A6441 /* gafes_corazon.png */,
				086974C31471815B009A6441 /* gafes_corazon@2x.png */,
				086974C41471815B009A6441 /* gafes_platejades.png */,
				086974C51471815B009A6441 /* gafes_platejades@2x.png */,
				086974C61471815B009A6441 /* gafes_rayban.png */,
				086974C71471815B009A6441 /* gafes_rayban@2x.png */,
				1F502A06146C32CD006CFFFA /* sunglasses1.png */,
			);
			name = SunGlasses;
			sourceTree = "<group>";
		};
		1F502A0F146C41AE006CFFFA /* Icons */ = {
			isa = PBXGroup;
			children = (
				0869754A1474215B009A6441 /* block_boques-Big.png */,
				0869754B1474215B009A6441 /* block_boques-Big@2x.png */,
				0869754C1474215B009A6441 /* block_boques.png */,
				0869754D1474215C009A6441 /* block_boques@2x.png */,
				0869754E1474215C009A6441 /* block_gafes-Big.png */,
				0869754F1474215D009A6441 /* block_gafes-Big@2x.png */,
				086975501474215D009A6441 /* block_gafes.png */,
				086975511474215E009A6441 /* block_gafes@2x.png */,
				086975521474215E009A6441 /* block_marcs-Big.png */,
				086975531474215F009A6441 /* block_marcs-Big@2x.png */,
				0869755414742160009A6441 /* block_marcs.png */,
				0869755514742161009A6441 /* block_marcs@2x.png */,
				0869755614742162009A6441 /* block_sombreros-Big.png */,
				0869755714742162009A6441 /* block_sombreros-Big@2x.png */,
				0869755814742163009A6441 /* block_sombreros.png */,
				0869755914742165009A6441 /* block_sombreros@2x.png */,
				1F58236F1471636800604489 /* boques.png */,
				1F502A14146C47F2006CFFFA /* hat.png */,
				1F502A0D146C41AA006CFFFA /* glasses_sunglasses.png */,
			);
			name = Icons;
			sourceTree = "<group>";
		};
		1F58236B1471633D00604489 /* boques */ = {
			isa = PBXGroup;
			children = (
				1F5823681471624300604489 /* boca1.png */,
				086974F21471820C009A6441 /* boca2.png */,
				086974F31471820C009A6441 /* boca2@2x.png */,
				086974F41471820C009A6441 /* boca3.png */,
				086974F51471820C009A6441 /* boca3@2x.png */,
			);
			name = boques;
			sourceTree = "<group>";
		};
		1F58236C1471634D00604489 /* thumb_boques */ = {
			isa = PBXGroup;
			children = (
				086974EE14718202009A6441 /* thumb_boca3.png */,
				086974EF14718202009A6441 /* thumb_boca3@2x.png */,
				1F58236D1471636000604489 /* thumb_boca1.png */,
				086974D71471818A009A6441 /* thumb_boca2.png */,
				086974D81471818A009A6441 /* thumb_boca2@2x.png */,
			);
			name = thumb_boques;
			sourceTree = "<group>";
		};
		1F8650D8146DA8160010A2FE /* sombreros */ = {
			isa = PBXGroup;
			children = (
				0869750014718291009A6441 /* pelo_cola.png */,
				0869750114718291009A6441 /* pelo_cola@2x.png */,
				1F8650D9146DA8160010A2FE /* capitan.png */,
				1F8650DA146DA8160010A2FE /* capitan@2x.png */,
				1F8650DB146DA8160010A2FE /* marinero.png */,
				1F8650DC146DA8160010A2FE /* marinero@2x.png */,
				1F8650DD146DA8160010A2FE /* vikingo.png */,
				1F8650DE146DA8160010A2FE /* vikingo@2x.png */,
			);
			path = sombreros;
			sourceTree = "<group>";
		};
		1F8650E6146DA85E0010A2FE /* thumb_sombreros */ = {
			isa = PBXGroup;
			children = (
				086975041471829B009A6441 /* thumb_pelo_cola.png */,
				086975051471829B009A6441 /* thumb_pelo_cola@2x.png */,
				1F8650E7146DA85E0010A2FE /* thumb_capitan.png */,
				1F8650E8146DA85E0010A2FE /* thumb_capitan@2x.png */,
				1F8650E9146DA85E0010A2FE /* thumb_marinero.png */,
				1F8650EA146DA85E0010A2FE /* thumb_marinero@2x.png */,
				1F8650EB146DA85E0010A2FE /* thumb_vickingo.png */,
				1F8650EC146DA85E0010A2FE /* thumb_vickingo@2x.png */,
			);
			path = thumb_sombreros;
			sourceTree = "<group>";
		};
/* End PBXGroup section */

/* Begin PBXNativeTarget section */
		1F5029D4146C2CC2006CFFFA /* MockMe */ = {
			isa = PBXNativeTarget;
			buildConfigurationList = 1F5029F3146C2CC2006CFFFA /* Build configuration list for PBXNativeTarget "MockMe" */;
			buildPhases = (
				1F5029D1146C2CC2006CFFFA /* Sources */,
				1F5029D2146C2CC2006CFFFA /* Frameworks */,
				1F5029D3146C2CC2006CFFFA /* Resources */,
			);
			buildRules = (
			);
			dependencies = (
			);
			name = MockMe;
			productName = FaceMeNow;
			productReference = 1F5029D5146C2CC2006CFFFA /* MockMe.app */;
			productType = "com.apple.product-type.application";
		};
/* End PBXNativeTarget section */

/* Begin PBXProject section */
		1F5029CC146C2CC2006CFFFA /* Project object */ = {
			isa = PBXProject;
			attributes = {
				LastUpgradeCheck = 0420;
				ORGANIZATIONNAME = "Bazinga Systems";
			};
			buildConfigurationList = 1F5029CF146C2CC2006CFFFA /* Build configuration list for PBXProject "MockMe" */;
			compatibilityVersion = "Xcode 3.2";
			developmentRegion = English;
			hasScannedForEncodings = 0;
			knownRegions = (
				en,
			);
			mainGroup = 1F5029CA146C2CC2006CFFFA;
			productRefGroup = 1F5029D6146C2CC2006CFFFA /* Products */;
			projectDirPath = "";
			projectRoot = "";
			targets = (
				1F5029D4146C2CC2006CFFFA /* MockMe */,
			);
		};
/* End PBXProject section */

/* Begin PBXResourcesBuildPhase section */
		1F5029D3146C2CC2006CFFFA /* Resources */ = {
			isa = PBXResourcesBuildPhase;
			buildActionMask = 2147483647;
			files = (
				1F5029E4146C2CC2006CFFFA /* InfoPlist.strings in Resources */,
				1F5029F0146C2CC2006CFFFA /* FaceMeNowViewController.xib in Resources */,
				1F502A07146C32CD006CFFFA /* sunglasses1.png in Resources */,
				1F502A0C146C3EC5006CFFFA /* ItemSelector.xib in Resources */,
				1F502A0E146C41AA006CFFFA /* glasses_sunglasses.png in Resources */,
				1F502A11146C4599006CFFFA /* Categories.plist in Resources */,
				1F502A15146C47F2006CFFFA /* hat.png in Resources */,
				1F8650DF146DA8160010A2FE /* capitan.png in Resources */,
				1F8650E0146DA8160010A2FE /* capitan@2x.png in Resources */,
				1F8650E1146DA8160010A2FE /* marinero.png in Resources */,
				1F8650E2146DA8160010A2FE /* marinero@2x.png in Resources */,
				1F8650E3146DA8160010A2FE /* vikingo.png in Resources */,
				1F8650E4146DA8160010A2FE /* vikingo@2x.png in Resources */,
				1F8650ED146DA85E0010A2FE /* thumb_capitan.png in Resources */,
				1F8650EE146DA85E0010A2FE /* thumb_capitan@2x.png in Resources */,
				1F8650EF146DA85E0010A2FE /* thumb_marinero.png in Resources */,
				1F8650F0146DA85E0010A2FE /* thumb_marinero@2x.png in Resources */,
				1F8650F1146DA85E0010A2FE /* thumb_vickingo.png in Resources */,
				1F8650F2146DA85E0010A2FE /* thumb_vickingo@2x.png in Resources */,
				1F5823691471624300604489 /* boca1.png in Resources */,
				1F58236E1471636000604489 /* thumb_boca1.png in Resources */,
				1F5823701471636800604489 /* boques.png in Resources */,
				1F582374147174CC00604489 /* marc1.png in Resources */,
				1F582376147176C500604489 /* marc2.png in Resources */,
				086974C81471815C009A6441 /* gafes_3D.png in Resources */,
				086974C91471815C009A6441 /* gafes_3D@2x.png in Resources */,
				086974CA1471815C009A6441 /* gafes_corazon.png in Resources */,
				086974CB1471815C009A6441 /* gafes_corazon@2x.png in Resources */,
				086974CC1471815C009A6441 /* gafes_platejades.png in Resources */,
				086974CD1471815C009A6441 /* gafes_platejades@2x.png in Resources */,
				086974CE1471815C009A6441 /* gafes_rayban.png in Resources */,
				086974CF1471815C009A6441 /* gafes_rayban@2x.png in Resources */,
				086974D314718175009A6441 /* marc_estrelles.png in Resources */,
				086974D414718175009A6441 /* marc_estrelles@2x.png in Resources */,
				086974DB1471818A009A6441 /* thumb_boca2.png in Resources */,
				086974DC1471818A009A6441 /* thumb_boca2@2x.png in Resources */,
				086974E6147181AC009A6441 /* thumb_gafes_3D.png in Resources */,
				086974E7147181AC009A6441 /* thumb_gafes_3D@2x.png in Resources */,
				086974E8147181AC009A6441 /* thumb_gafes_corazon.png in Resources */,
				086974E9147181AC009A6441 /* thumb_gafes_corazon@2x.png in Resources */,
				086974EA147181AC009A6441 /* thumb_gafes_platejades.png in Resources */,
				086974EB147181AC009A6441 /* thumb_gafes_platejades@2x.png in Resources */,
				086974EC147181AC009A6441 /* thumb_gafes_rayban.png in Resources */,
				086974ED147181AC009A6441 /* thumb_gafes_rayban@2x.png in Resources */,
				086974F014718202009A6441 /* thumb_boca3.png in Resources */,
				086974F114718202009A6441 /* thumb_boca3@2x.png in Resources */,
				086974F61471820C009A6441 /* boca2.png in Resources */,
				086974F71471820C009A6441 /* boca2@2x.png in Resources */,
				086974F81471820C009A6441 /* boca3.png in Resources */,
				086974F91471820C009A6441 /* boca3@2x.png in Resources */,
				086974FE1471823C009A6441 /* thumb_marcEstrelles.png in Resources */,
				086974FF1471823C009A6441 /* thumb_marcEstrelles@2x.png in Resources */,
				0869750214718291009A6441 /* pelo_cola.png in Resources */,
				0869750314718291009A6441 /* pelo_cola@2x.png in Resources */,
				086975061471829B009A6441 /* thumb_pelo_cola.png in Resources */,
				086975071471829B009A6441 /* thumb_pelo_cola@2x.png in Resources */,
				0869750A14719CBF009A6441 /* marcUI.png in Resources */,
				0869750B14719CBF009A6441 /* marcUI@2x.png in Resources */,
				0869752E1472E752009A6441 /* Default.png in Resources */,
				086975301472E756009A6441 /* Default@2x.png in Resources */,
				086975371472ED61009A6441 /* shareSheet.png in Resources */,
				086975381472ED61009A6441 /* shareSheet@2x.png in Resources */,
				086975471473F56C009A6441 /* MockMe3-icon57.png in Resources */,
				086975491473F56F009A6441 /* MockMe3-icon114.png in Resources */,
				0869755A14742166009A6441 /* block_boques-Big.png in Resources */,
				0869755B14742166009A6441 /* block_boques-Big@2x.png in Resources */,
				0869755C14742166009A6441 /* block_boques.png in Resources */,
				0869755D14742166009A6441 /* block_boques@2x.png in Resources */,
				0869755E14742166009A6441 /* block_gafes-Big.png in Resources */,
				0869755F14742166009A6441 /* block_gafes-Big@2x.png in Resources */,
				0869756014742166009A6441 /* block_gafes.png in Resources */,
				0869756114742166009A6441 /* block_gafes@2x.png in Resources */,
				0869756214742166009A6441 /* block_marcs-Big.png in Resources */,
				0869756314742166009A6441 /* block_marcs-Big@2x.png in Resources */,
				0869756414742166009A6441 /* block_marcs.png in Resources */,
				0869756514742166009A6441 /* block_marcs@2x.png in Resources */,
				0869756614742166009A6441 /* block_sombreros-Big.png in Resources */,
				0869756714742166009A6441 /* block_sombreros-Big@2x.png in Resources */,
				0869756814742166009A6441 /* block_sombreros.png in Resources */,
				0869756914742166009A6441 /* block_sombreros@2x.png in Resources */,
				086975821474308A009A6441 /* fbIcon.png in Resources */,
				086975831474308A009A6441 /* fbIcon@2x.png in Resources */,
				086975841474308A009A6441 /* fbLarge.png in Resources */,
				086975851474308A009A6441 /* fbLarge@2x.png in Resources */,
				086975861474308A009A6441 /* fbTitle.png in Resources */,
				086975871474308A009A6441 /* fbTitle@2x.png in Resources */,
				086975881474308A009A6441 /* mailIcon.png in Resources */,
				086975891474308A009A6441 /* mailIcon@2x.png in Resources */,
				0869758A1474308A009A6441 /* mailLarge.png in Resources */,
				0869758B1474308A009A6441 /* mailLarge@2x.png in Resources */,
				0869758C1474308A009A6441 /* mailTitle.png in Resources */,
				0869758D1474308A009A6441 /* mailTitle@2x.png in Resources */,
				0869758E1474308A009A6441 /* shareFondo.png in Resources */,
				0869758F1474308A009A6441 /* shareFondo@2x.png in Resources */,
				086975901474308A009A6441 /* twIcon.png in Resources */,
				086975911474308A009A6441 /* twIcon@2x.png in Resources */,
				086975921474308A009A6441 /* twLarge.png in Resources */,
				086975931474308A009A6441 /* twLarge@2x.png in Resources */,
				086975941474308A009A6441 /* twTitle.png in Resources */,
				086975951474308A009A6441 /* twTitle@2x.png in Resources */,
				086975961474308A009A6441 /* volver.png in Resources */,
				086975971474308A009A6441 /* volver@2x.png in Resources */,
				086975A31474309E009A6441 /* barraFixa.png in Resources */,
				086975A41474309E009A6441 /* barraFixa@2x.png in Resources */,
				086975A51474309E009A6441 /* camaraButton.png in Resources */,
				086975A61474309E009A6441 /* camaraButton@2x.png in Resources */,
				086975A71474309E009A6441 /* deleteButton.png in Resources */,
				086975A81474309E009A6441 /* deleteButton@2x.png in Resources */,
				086975A91474309E009A6441 /* slideBackground.png in Resources */,
				086975AA1474309E009A6441 /* slideBackground@2x.png in Resources */,
				086975AB1474309E009A6441 /* volteoCam.png in Resources */,
				086975AC1474309E009A6441 /* volteoCam@2x.png in Resources */,
				1FF3BB74147B7E1D008C9D94 /* ViewAndShareController.xib in Resources */,
			);
			runOnlyForDeploymentPostprocessing = 0;
		};
/* End PBXResourcesBuildPhase section */

/* Begin PBXSourcesBuildPhase section */
		1F5029D1146C2CC2006CFFFA /* Sources */ = {
			isa = PBXSourcesBuildPhase;
			buildActionMask = 2147483647;
			files = (
				1F502A0B146C3EC5006CFFFA /* ItemSelector.m in Sources */,
				1F5029E6146C2CC2006CFFFA /* main.m in Sources */,
				1F5029EA146C2CC2006CFFFA /* FaceMeNowAppDelegate.m in Sources */,
				1F5029ED146C2CC2006CFFFA /* FaceMeNowViewController.m in Sources */,
				1FF3BB73147B7E1D008C9D94 /* ViewAndShareController.m in Sources */,
			);
			runOnlyForDeploymentPostprocessing = 0;
		};
/* End PBXSourcesBuildPhase section */

/* Begin PBXVariantGroup section */
		1F5029E2146C2CC2006CFFFA /* InfoPlist.strings */ = {
			isa = PBXVariantGroup;
			children = (
				1F5029E3146C2CC2006CFFFA /* en */,
			);
			name = InfoPlist.strings;
			sourceTree = "<group>";
		};
		1F5029EE146C2CC2006CFFFA /* FaceMeNowViewController.xib */ = {
			isa = PBXVariantGroup;
			children = (
				1F5029EF146C2CC2006CFFFA /* en */,
			);
			name = FaceMeNowViewController.xib;
			sourceTree = "<group>";
		};
/* End PBXVariantGroup section */

/* Begin XCBuildConfiguration section */
		1F5029F1146C2CC2006CFFFA /* Debug */ = {
			isa = XCBuildConfiguration;
			buildSettings = {
				ALWAYS_SEARCH_USER_PATHS = NO;
				ARCHS = "$(ARCHS_STANDARD_32_BIT)";
				CLANG_ENABLE_OBJC_ARC = YES;
				"CODE_SIGN_IDENTITY[sdk=iphoneos*]" = "iPhone Developer: Jaume Cornado Panades (96LYL46QP4)";
				COPY_PHASE_STRIP = NO;
				GCC_C_LANGUAGE_STANDARD = gnu99;
				GCC_DYNAMIC_NO_PIC = NO;
				GCC_OPTIMIZATION_LEVEL = 0;
				GCC_PREPROCESSOR_DEFINITIONS = (
					"DEBUG=1",
					"$(inherited)",
				);
				GCC_SYMBOLS_PRIVATE_EXTERN = NO;
				GCC_VERSION = com.apple.compilers.llvm.clang.1_0;
				GCC_WARN_ABOUT_MISSING_PROTOTYPES = YES;
				GCC_WARN_ABOUT_RETURN_TYPE = YES;
				GCC_WARN_UNUSED_VARIABLE = YES;
				IPHONEOS_DEPLOYMENT_TARGET = 5.0;
				"PROVISIONING_PROFILE[sdk=iphoneos*]" = "E2577C9E-E003-47BA-A4A6-4DEA2F7044C3";
				SDKROOT = iphoneos;
			};
			name = Debug;
		};
		1F5029F2146C2CC2006CFFFA /* Release */ = {
			isa = XCBuildConfiguration;
			buildSettings = {
				ALWAYS_SEARCH_USER_PATHS = NO;
				ARCHS = "$(ARCHS_STANDARD_32_BIT)";
				CLANG_ENABLE_OBJC_ARC = YES;
				"CODE_SIGN_IDENTITY[sdk=iphoneos*]" = "iPhone Developer: Jaume Cornado Panades (96LYL46QP4)";
				COPY_PHASE_STRIP = YES;
				GCC_C_LANGUAGE_STANDARD = gnu99;
				GCC_VERSION = com.apple.compilers.llvm.clang.1_0;
				GCC_WARN_ABOUT_MISSING_PROTOTYPES = YES;
				GCC_WARN_ABOUT_RETURN_TYPE = YES;
				GCC_WARN_UNUSED_VARIABLE = YES;
				IPHONEOS_DEPLOYMENT_TARGET = 5.0;
				OTHER_CFLAGS = "-DNS_BLOCK_ASSERTIONS=1";
				"PROVISIONING_PROFILE[sdk=iphoneos*]" = "E2577C9E-E003-47BA-A4A6-4DEA2F7044C3";
				SDKROOT = iphoneos;
				VALIDATE_PRODUCT = YES;
			};
			name = Release;
		};
		1F5029F4146C2CC2006CFFFA /* Debug */ = {
			isa = XCBuildConfiguration;
			buildSettings = {
				"CODE_SIGN_IDENTITY[sdk=iphoneos*]" = "iPhone Developer: Jaume Cornado Panades (96LYL46QP4)";
				GCC_PRECOMPILE_PREFIX_HEADER = YES;
				GCC_PREFIX_HEADER = "FaceMeNow/MockMe-Prefix.pch";
				INFOPLIST_FILE = "FaceMeNow/MockMe-Info.plist";
				PRODUCT_NAME = MockMe;
				"PROVISIONING_PROFILE[sdk=iphoneos*]" = "E2577C9E-E003-47BA-A4A6-4DEA2F7044C3";
				WRAPPER_EXTENSION = app;
			};
			name = Debug;
		};
		1F5029F5146C2CC2006CFFFA /* Release */ = {
			isa = XCBuildConfiguration;
			buildSettings = {
				GCC_PRECOMPILE_PREFIX_HEADER = YES;
				GCC_PREFIX_HEADER = "FaceMeNow/MockMe-Prefix.pch";
				INFOPLIST_FILE = "FaceMeNow/MockMe-Info.plist";
				PRODUCT_NAME = MockMe;
				WRAPPER_EXTENSION = app;
			};
			name = Release;
		};
/* End XCBuildConfiguration section */

/* Begin XCConfigurationList section */
		1F5029CF146C2CC2006CFFFA /* Build configuration list for PBXProject "MockMe" */ = {
			isa = XCConfigurationList;
			buildConfigurations = (
				1F5029F1146C2CC2006CFFFA /* Debug */,
				1F5029F2146C2CC2006CFFFA /* Release */,
			);
			defaultConfigurationIsVisible = 0;
			defaultConfigurationName = Release;
		};
		1F5029F3146C2CC2006CFFFA /* Build configuration list for PBXNativeTarget "MockMe" */ = {
			isa = XCConfigurationList;
			buildConfigurations = (
				1F5029F4146C2CC2006CFFFA /* Debug */,
				1F5029F5146C2CC2006CFFFA /* Release */,
			);
			defaultConfigurationIsVisible = 0;
			defaultConfigurationName = Release;
		};
/* End XCConfigurationList section */
	};
	rootObject = 1F5029CC146C2CC2006CFFFA /* Project object */;
}
